// !$*UTF8*$!
{
	archiveVersion = 1;
	classes = {
	};
	objectVersion = 51;
	objects = {

/* Begin PBXBuildFile section */
		A145B08826652A74009F6EC7 /* launcher.png in Resources */ = {isa = PBXBuildFile; fileRef = A145B08726652A74009F6EC7 /* launcher.png */; };
		A19BEC362662CAD2004F654D /* DiaryGroup.swift in Sources */ = {isa = PBXBuildFile; fileRef = A19BEC352662CAD2004F654D /* DiaryGroup.swift */; };
		A19BEC382662CB4A004F654D /* Diary.swift in Sources */ = {isa = PBXBuildFile; fileRef = A19BEC372662CB4A004F654D /* Diary.swift */; };
		A19BEC3A2662D99E004F654D /* DiaryDetailViewController.swift in Sources */ = {isa = PBXBuildFile; fileRef = A19BEC392662D99E004F654D /* DiaryDetailViewController.swift */; };
		A1B7617F265D594D00E33C3B /* AppDelegate.swift in Sources */ = {isa = PBXBuildFile; fileRef = A1B7617E265D594D00E33C3B /* AppDelegate.swift */; };
		A1B76181265D594D00E33C3B /* SceneDelegate.swift in Sources */ = {isa = PBXBuildFile; fileRef = A1B76180265D594D00E33C3B /* SceneDelegate.swift */; };
		A1B76186265D594D00E33C3B /* Main.storyboard in Resources */ = {isa = PBXBuildFile; fileRef = A1B76184265D594D00E33C3B /* Main.storyboard */; };
		A1B76188265D595000E33C3B /* Assets.xcassets in Resources */ = {isa = PBXBuildFile; fileRef = A1B76187265D595000E33C3B /* Assets.xcassets */; };
		A1B7618B265D595000E33C3B /* LaunchScreen.storyboard in Resources */ = {isa = PBXBuildFile; fileRef = A1B76189265D595000E33C3B /* LaunchScreen.storyboard */; };
		A1B76197265D61ED00E33C3B /* DiaryViewController.swift in Sources */ = {isa = PBXBuildFile; fileRef = A1B76196265D61ED00E33C3B /* DiaryViewController.swift */; };
		C599E348127DB8B1D29CE88B /* Pods_1891143_finalProject.framework in Frameworks */ = {isa = PBXBuildFile; fileRef = 3EAADEA6371447B7355F185F /* Pods_1891143_finalProject.framework */; };
/* End PBXBuildFile section */

/* Begin PBXFileReference section */
		3EAADEA6371447B7355F185F /* Pods_1891143_finalProject.framework */ = {isa = PBXFileReference; explicitFileType = wrapper.framework; includeInIndex = 0; path = Pods_1891143_finalProject.framework; sourceTree = BUILT_PRODUCTS_DIR; };
		495D2EF713A12035C37B4CE0 /* Pods-1891143-finalProject.debug.xcconfig */ = {isa = PBXFileReference; includeInIndex = 1; lastKnownFileType = text.xcconfig; name = "Pods-1891143-finalProject.debug.xcconfig"; path = "Target Support Files/Pods-1891143-finalProject/Pods-1891143-finalProject.debug.xcconfig"; sourceTree = "<group>"; };
		74AF18AE0E63671AF70E9387 /* Pods-1891143-finalProject.release.xcconfig */ = {isa = PBXFileReference; includeInIndex = 1; lastKnownFileType = text.xcconfig; name = "Pods-1891143-finalProject.release.xcconfig"; path = "Target Support Files/Pods-1891143-finalProject/Pods-1891143-finalProject.release.xcconfig"; sourceTree = "<group>"; };
		A145B08726652A74009F6EC7 /* launcher.png */ = {isa = PBXFileReference; lastKnownFileType = image.png; name = launcher.png; path = ../../../launcher.png; sourceTree = "<group>"; };
		A19BEC352662CAD2004F654D /* DiaryGroup.swift */ = {isa = PBXFileReference; lastKnownFileType = sourcecode.swift; path = DiaryGroup.swift; sourceTree = "<group>"; };
		A19BEC372662CB4A004F654D /* Diary.swift */ = {isa = PBXFileReference; lastKnownFileType = sourcecode.swift; path = Diary.swift; sourceTree = "<group>"; };
		A19BEC392662D99E004F654D /* DiaryDetailViewController.swift */ = {isa = PBXFileReference; lastKnownFileType = sourcecode.swift; path = DiaryDetailViewController.swift; sourceTree = "<group>"; };
		A1B7617B265D594D00E33C3B /* PHOTO DIARY.app */ = {isa = PBXFileReference; explicitFileType = wrapper.application; includeInIndex = 0; path = "PHOTO DIARY.app"; sourceTree = BUILT_PRODUCTS_DIR; };
		A1B7617E265D594D00E33C3B /* AppDelegate.swift */ = {isa = PBXFileReference; lastKnownFileType = sourcecode.swift; path = AppDelegate.swift; sourceTree = "<group>"; };
		A1B76180265D594D00E33C3B /* SceneDelegate.swift */ = {isa = PBXFileReference; lastKnownFileType = sourcecode.swift; path = SceneDelegate.swift; sourceTree = "<group>"; };
		A1B76185265D594D00E33C3B /* Base */ = {isa = PBXFileReference; lastKnownFileType = file.storyboard; name = Base; path = Base.lproj/Main.storyboard; sourceTree = "<group>"; };
		A1B76187265D595000E33C3B /* Assets.xcassets */ = {isa = PBXFileReference; lastKnownFileType = folder.assetcatalog; path = Assets.xcassets; sourceTree = "<group>"; };
		A1B7618A265D595000E33C3B /* Base */ = {isa = PBXFileReference; lastKnownFileType = file.storyboard; name = Base; path = Base.lproj/LaunchScreen.storyboard; sourceTree = "<group>"; };
		A1B7618C265D595000E33C3B /* Info.plist */ = {isa = PBXFileReference; lastKnownFileType = text.plist.xml; path = Info.plist; sourceTree = "<group>"; };
		A1B76196265D61ED00E33C3B /* DiaryViewController.swift */ = {isa = PBXFileReference; lastKnownFileType = sourcecode.swift; path = DiaryViewController.swift; sourceTree = "<group>"; };
/* End PBXFileReference section */

/* Begin PBXFrameworksBuildPhase section */
		A1B76178265D594D00E33C3B /* Frameworks */ = {
			isa = PBXFrameworksBuildPhase;
			buildActionMask = 2147483647;
			files = (
				C599E348127DB8B1D29CE88B /* Pods_1891143_finalProject.framework in Frameworks */,
			);
			runOnlyForDeploymentPostprocessing = 0;
		};
/* End PBXFrameworksBuildPhase section */

/* Begin PBXGroup section */
		66BD3D08E2F4A9FD2D2D5152 /* Frameworks */ = {
			isa = PBXGroup;
			children = (
				3EAADEA6371447B7355F185F /* Pods_1891143_finalProject.framework */,
			);
			name = Frameworks;
			sourceTree = "<group>";
		};
		A1B76172265D594D00E33C3B = {
			isa = PBXGroup;
			children = (
				A1B7617D265D594D00E33C3B /* 1891143-finalProject */,
				A1B7617C265D594D00E33C3B /* Products */,
				D83F2F34A1502033DFF32922 /* Pods */,
				66BD3D08E2F4A9FD2D2D5152 /* Frameworks */,
			);
			sourceTree = "<group>";
		};
		A1B7617C265D594D00E33C3B /* Products */ = {
			isa = PBXGroup;
			children = (
				A1B7617B265D594D00E33C3B /* PHOTO DIARY.app */,
			);
			name = Products;
			sourceTree = "<group>";
		};
		A1B7617D265D594D00E33C3B /* 1891143-finalProject */ = {
			isa = PBXGroup;
			children = (
				A145B08726652A74009F6EC7 /* launcher.png */,
				A1B7617E265D594D00E33C3B /* AppDelegate.swift */,
				A1B76180265D594D00E33C3B /* SceneDelegate.swift */,
				A1B76184265D594D00E33C3B /* Main.storyboard */,
				A1B76187265D595000E33C3B /* Assets.xcassets */,
				A1B76189265D595000E33C3B /* LaunchScreen.storyboard */,
				A1B7618C265D595000E33C3B /* Info.plist */,
				A1B76196265D61ED00E33C3B /* DiaryViewController.swift */,
				A19BEC352662CAD2004F654D /* DiaryGroup.swift */,
				A19BEC372662CB4A004F654D /* Diary.swift */,
				A19BEC392662D99E004F654D /* DiaryDetailViewController.swift */,
			);
			path = "1891143-finalProject";
			sourceTree = "<group>";
		};
		D83F2F34A1502033DFF32922 /* Pods */ = {
			isa = PBXGroup;
			children = (
				495D2EF713A12035C37B4CE0 /* Pods-1891143-finalProject.debug.xcconfig */,
				74AF18AE0E63671AF70E9387 /* Pods-1891143-finalProject.release.xcconfig */,
			);
			path = Pods;
			sourceTree = "<group>";
		};
/* End PBXGroup section */

/* Begin PBXNativeTarget section */
		A1B7617A265D594D00E33C3B /* 1891143-finalProject */ = {
			isa = PBXNativeTarget;
			buildConfigurationList = A1B7618F265D595000E33C3B /* Build configuration list for PBXNativeTarget "1891143-finalProject" */;
			buildPhases = (
				232826130FB8FEF8AA2C6589 /* [CP] Check Pods Manifest.lock */,
				A1B76177265D594D00E33C3B /* Sources */,
				A1B76178265D594D00E33C3B /* Frameworks */,
				A1B76179265D594D00E33C3B /* Resources */,
				A2B550D2DC7085E2A5420155 /* [CP] Embed Pods Frameworks */,
			);
			buildRules = (
			);
			dependencies = (
			);
			name = "1891143-finalProject";
			productName = "1891143-finalProject";
			productReference = A1B7617B265D594D00E33C3B /* PHOTO DIARY.app */;
			productType = "com.apple.product-type.application";
		};
/* End PBXNativeTarget section */

/* Begin PBXProject section */
		A1B76173265D594D00E33C3B /* Project object */ = {
			isa = PBXProject;
			attributes = {
				LastSwiftUpdateCheck = 1250;
				LastUpgradeCheck = 1250;
				TargetAttributes = {
					A1B7617A265D594D00E33C3B = {
						CreatedOnToolsVersion = 12.5;
					};
				};
			};
			buildConfigurationList = A1B76176265D594D00E33C3B /* Build configuration list for PBXProject "1891143-finalProject" */;
			compatibilityVersion = "Xcode 9.3";
			developmentRegion = en;
			hasScannedForEncodings = 0;
			knownRegions = (
				en,
				Base,
			);
			mainGroup = A1B76172265D594D00E33C3B;
			productRefGroup = A1B7617C265D594D00E33C3B /* Products */;
			projectDirPath = "";
			projectRoot = "";
			targets = (
				A1B7617A265D594D00E33C3B /* 1891143-finalProject */,
			);
		};
/* End PBXProject section */

/* Begin PBXResourcesBuildPhase section */
		A1B76179265D594D00E33C3B /* Resources */ = {
			isa = PBXResourcesBuildPhase;
			buildActionMask = 2147483647;
			files = (
				A1B7618B265D595000E33C3B /* LaunchScreen.storyboard in Resources */,
				A1B76188265D595000E33C3B /* Assets.xcassets in Resources */,
				A145B08826652A74009F6EC7 /* launcher.png in Resources */,
				A1B76186265D594D00E33C3B /* Main.storyboard in Resources */,
			);
			runOnlyForDeploymentPostprocessing = 0;
		};
/* End PBXResourcesBuildPhase section */

/* Begin PBXShellScriptBuildPhase section */
		232826130FB8FEF8AA2C6589 /* [CP] Check Pods Manifest.lock */ = {
			isa = PBXShellScriptBuildPhase;
			buildActionMask = 2147483647;
			files = (
			);
			inputFileListPaths = (
			);
			inputPaths = (
				"${PODS_PODFILE_DIR_PATH}/Podfile.lock",
				"${PODS_ROOT}/Manifest.lock",
			);
			name = "[CP] Check Pods Manifest.lock";
			outputFileListPaths = (
			);
			outputPaths = (
				"$(DERIVED_FILE_DIR)/Pods-1891143-finalProject-checkManifestLockResult.txt",
			);
			runOnlyForDeploymentPostprocessing = 0;
			shellPath = /bin/sh;
			shellScript = "diff \"${PODS_PODFILE_DIR_PATH}/Podfile.lock\" \"${PODS_ROOT}/Manifest.lock\" > /dev/null\nif [ $? != 0 ] ; then\n    # print error to STDERR\n    echo \"error: The sandbox is not in sync with the Podfile.lock. Run 'pod install' or update your CocoaPods installation.\" >&2\n    exit 1\nfi\n# This output is used by Xcode 'outputs' to avoid re-running this script phase.\necho \"SUCCESS\" > \"${SCRIPT_OUTPUT_FILE_0}\"\n";
			showEnvVarsInLog = 0;
		};
		A2B550D2DC7085E2A5420155 /* [CP] Embed Pods Frameworks */ = {
			isa = PBXShellScriptBuildPhase;
			buildActionMask = 2147483647;
			files = (
			);
			inputFileListPaths = (
				"${PODS_ROOT}/Target Support Files/Pods-1891143-finalProject/Pods-1891143-finalProject-frameworks-${CONFIGURATION}-input-files.xcfilelist",
			);
			name = "[CP] Embed Pods Frameworks";
			outputFileListPaths = (
				"${PODS_ROOT}/Target Support Files/Pods-1891143-finalProject/Pods-1891143-finalProject-frameworks-${CONFIGURATION}-output-files.xcfilelist",
			);
			runOnlyForDeploymentPostprocessing = 0;
			shellPath = /bin/sh;
			shellScript = "\"${PODS_ROOT}/Target Support Files/Pods-1891143-finalProject/Pods-1891143-finalProject-frameworks.sh\"\n";
			showEnvVarsInLog = 0;
		};
/* End PBXShellScriptBuildPhase section */

/* Begin PBXSourcesBuildPhase section */
		A1B76177265D594D00E33C3B /* Sources */ = {
			isa = PBXSourcesBuildPhase;
			buildActionMask = 2147483647;
			files = (
				A1B76197265D61ED00E33C3B /* DiaryViewController.swift in Sources */,
				A19BEC382662CB4A004F654D /* Diary.swift in Sources */,
				A19BEC3A2662D99E004F654D /* DiaryDetailViewController.swift in Sources */,
				A1B7617F265D594D00E33C3B /* AppDelegate.swift in Sources */,
				A1B76181265D594D00E33C3B /* SceneDelegate.swift in Sources */,
				A19BEC362662CAD2004F654D /* DiaryGroup.swift in Sources */,
			);
			runOnlyForDeploymentPostprocessing = 0;
		};
/* End PBXSourcesBuildPhase section */

/* Begin PBXVariantGroup section */
		A1B76184265D594D00E33C3B /* Main.storyboard */ = {
			isa = PBXVariantGroup;
			children = (
				A1B76185265D594D00E33C3B /* Base */,
			);
			name = Main.storyboard;
			sourceTree = "<group>";
		};
		A1B76189265D595000E33C3B /* LaunchScreen.storyboard */ = {
			isa = PBXVariantGroup;
			children = (
				A1B7618A265D595000E33C3B /* Base */,
			);
			name = LaunchScreen.storyboard;
			sourceTree = "<group>";
		};
/* End PBXVariantGroup section */

/* Begin XCBuildConfiguration section */
		A1B7618D265D595000E33C3B /* Debug */ = {
			isa = XCBuildConfiguration;
			buildSettings = {
				ALWAYS_SEARCH_USER_PATHS = NO;
				CLANG_ANALYZER_NONNULL = YES;
				CLANG_ANALYZER_NUMBER_OBJECT_CONVERSION = YES_AGGRESSIVE;
				CLANG_CXX_LANGUAGE_STANDARD = "gnu++14";
				CLANG_CXX_LIBRARY = "libc++";
				CLANG_ENABLE_MODULES = YES;
				CLANG_ENABLE_OBJC_ARC = YES;
				CLANG_ENABLE_OBJC_WEAK = YES;
				CLANG_WARN_BLOCK_CAPTURE_AUTORELEASING = YES;
				CLANG_WARN_BOOL_CONVERSION = YES;
				CLANG_WARN_COMMA = YES;
				CLANG_WARN_CONSTANT_CONVERSION = YES;
				CLANG_WARN_DEPRECATED_OBJC_IMPLEMENTATIONS = YES;
				CLANG_WARN_DIRECT_OBJC_ISA_USAGE = YES_ERROR;
				CLANG_WARN_DOCUMENTATION_COMMENTS = YES;
				CLANG_WARN_EMPTY_BODY = YES;
				CLANG_WARN_ENUM_CONVERSION = YES;
				CLANG_WARN_INFINITE_RECURSION = YES;
				CLANG_WARN_INT_CONVERSION = YES;
				CLANG_WARN_NON_LITERAL_NULL_CONVERSION = YES;
				CLANG_WARN_OBJC_IMPLICIT_RETAIN_SELF = YES;
				CLANG_WARN_OBJC_LITERAL_CONVERSION = YES;
				CLANG_WARN_OBJC_ROOT_CLASS = YES_ERROR;
				CLANG_WARN_QUOTED_INCLUDE_IN_FRAMEWORK_HEADER = YES;
				CLANG_WARN_RANGE_LOOP_ANALYSIS = YES;
				CLANG_WARN_STRICT_PROTOTYPES = YES;
				CLANG_WARN_SUSPICIOUS_MOVE = YES;
				CLANG_WARN_UNGUARDED_AVAILABILITY = YES_AGGRESSIVE;
				CLANG_WARN_UNREACHABLE_CODE = YES;
				CLANG_WARN__DUPLICATE_METHOD_MATCH = YES;
				COPY_PHASE_STRIP = NO;
				DEBUG_INFORMATION_FORMAT = dwarf;
				ENABLE_STRICT_OBJC_MSGSEND = YES;
				ENABLE_TESTABILITY = YES;
				GCC_C_LANGUAGE_STANDARD = gnu11;
				GCC_DYNAMIC_NO_PIC = NO;
				GCC_NO_COMMON_BLOCKS = YES;
				GCC_OPTIMIZATION_LEVEL = 0;
				GCC_PREPROCESSOR_DEFINITIONS = (
					"DEBUG=1",
					"$(inherited)",
				);
				GCC_WARN_64_TO_32_BIT_CONVERSION = YES;
				GCC_WARN_ABOUT_RETURN_TYPE = YES_ERROR;
				GCC_WARN_UNDECLARED_SELECTOR = YES;
				GCC_WARN_UNINITIALIZED_AUTOS = YES_AGGRESSIVE;
				GCC_WARN_UNUSED_FUNCTION = YES;
				GCC_WARN_UNUSED_VARIABLE = YES;
				IPHONEOS_DEPLOYMENT_TARGET = 14.5;
				MTL_ENABLE_DEBUG_INFO = INCLUDE_SOURCE;
				MTL_FAST_MATH = YES;
				ONLY_ACTIVE_ARCH = YES;
				SDKROOT = iphoneos;
				SWIFT_ACTIVE_COMPILATION_CONDITIONS = DEBUG;
				SWIFT_OPTIMIZATION_LEVEL = "-Onone";
			};
			name = Debug;
		};
		A1B7618E265D595000E33C3B /* Release */ = {
			isa = XCBuildConfiguration;
			buildSettings = {
				ALWAYS_SEARCH_USER_PATHS = NO;
				CLANG_ANALYZER_NONNULL = YES;
				CLANG_ANALYZER_NUMBER_OBJECT_CONVERSION = YES_AGGRESSIVE;
				CLANG_CXX_LANGUAGE_STANDARD = "gnu++14";
				CLANG_CXX_LIBRARY = "libc++";
				CLANG_ENABLE_MODULES = YES;
				CLANG_ENABLE_OBJC_ARC = YES;
				CLANG_ENABLE_OBJC_WEAK = YES;
				CLANG_WARN_BLOCK_CAPTURE_AUTORELEASING = YES;
				CLANG_WARN_BOOL_CONVERSION = YES;
				CLANG_WARN_COMMA = YES;
				CLANG_WARN_CONSTANT_CONVERSION = YES;
				CLANG_WARN_DEPRECATED_OBJC_IMPLEMENTATIONS = YES;
				CLANG_WARN_DIRECT_OBJC_ISA_USAGE = YES_ERROR;
				CLANG_WARN_DOCUMENTATION_COMMENTS = YES;
				CLANG_WARN_EMPTY_BODY = YES;
				CLANG_WARN_ENUM_CONVERSION = YES;
				CLANG_WARN_INFINITE_RECURSION = YES;
				CLANG_WARN_INT_CONVERSION = YES;
				CLANG_WARN_NON_LITERAL_NULL_CONVERSION = YES;
				CLANG_WARN_OBJC_IMPLICIT_RETAIN_SELF = YES;
				CLANG_WARN_OBJC_LITERAL_CONVERSION = YES;
				CLANG_WARN_OBJC_ROOT_CLASS = YES_ERROR;
				CLANG_WARN_QUOTED_INCLUDE_IN_FRAMEWORK_HEADER = YES;
				CLANG_WARN_RANGE_LOOP_ANALYSIS = YES;
				CLANG_WARN_STRICT_PROTOTYPES = YES;
				CLANG_WARN_SUSPICIOUS_MOVE = YES;
				CLANG_WARN_UNGUARDED_AVAILABILITY = YES_AGGRESSIVE;
				CLANG_WARN_UNREACHABLE_CODE = YES;
				CLANG_WARN__DUPLICATE_METHOD_MATCH = YES;
				COPY_PHASE_STRIP = NO;
				DEBUG_INFORMATION_FORMAT = "dwarf-with-dsym";
				ENABLE_NS_ASSERTIONS = NO;
				ENABLE_STRICT_OBJC_MSGSEND = YES;
				GCC_C_LANGUAGE_STANDARD = gnu11;
				GCC_NO_COMMON_BLOCKS = YES;
				GCC_WARN_64_TO_32_BIT_CONVERSION = YES;
				GCC_WARN_ABOUT_RETURN_TYPE = YES_ERROR;
				GCC_WARN_UNDECLARED_SELECTOR = YES;
				GCC_WARN_UNINITIALIZED_AUTOS = YES_AGGRESSIVE;
				GCC_WARN_UNUSED_FUNCTION = YES;
				GCC_WARN_UNUSED_VARIABLE = YES;
				IPHONEOS_DEPLOYMENT_TARGET = 14.5;
				MTL_ENABLE_DEBUG_INFO = NO;
				MTL_FAST_MATH = YES;
				SDKROOT = iphoneos;
				SWIFT_COMPILATION_MODE = wholemodule;
				SWIFT_OPTIMIZATION_LEVEL = "-O";
				VALIDATE_PRODUCT = YES;
			};
			name = Release;
		};
		A1B76190265D595000E33C3B /* Debug */ = {
			isa = XCBuildConfiguration;
			baseConfigurationReference = 495D2EF713A12035C37B4CE0 /* Pods-1891143-finalProject.debug.xcconfig */;
			buildSettings = {
				ASSETCATALOG_COMPILER_APPICON_NAME = AppIcon;
				ASSETCATALOG_COMPILER_GLOBAL_ACCENT_COLOR_NAME = AccentColor;
				CODE_SIGN_STYLE = Automatic;
				INFOPLIST_FILE = "1891143-finalProject/Info.plist";
				LD_RUNPATH_SEARCH_PATHS = (
					"$(inherited)",
					"@executable_path/Frameworks",
				);
				PRODUCT_BUNDLE_IDENTIFIER = "mkkim.hansung.ac.kr.-891143-finalProject";
				PRODUCT_NAME = "PHOTO DIARY";
				SWIFT_VERSION = 5.0;
				TARGETED_DEVICE_FAMILY = "1,2";
			};
			name = Debug;
		};
		A1B76191265D595000E33C3B /* Release */ = {
			isa = XCBuildConfiguration;
			baseConfigurationReference = 74AF18AE0E63671AF70E9387 /* Pods-1891143-finalProject.release.xcconfig */;
			buildSettings = {
				ASSETCATALOG_COMPILER_APPICON_NAME = AppIcon;
				ASSETCATALOG_COMPILER_GLOBAL_ACCENT_COLOR_NAME = AccentColor;
				CODE_SIGN_STYLE = Automatic;
				INFOPLIST_FILE = "1891143-finalProject/Info.plist";
				LD_RUNPATH_SEARCH_PATHS = (
					"$(inherited)",
					"@executable_path/Frameworks",
				);
				PRODUCT_BUNDLE_IDENTIFIER = "mkkim.hansung.ac.kr.-891143-finalProject";
				PRODUCT_NAME = "PHOTO DIARY";
				SWIFT_VERSION = 5.0;
				TARGETED_DEVICE_FAMILY = "1,2";
			};
			name = Release;
		};
/* End XCBuildConfiguration section */

/* Begin XCConfigurationList section */
		A1B76176265D594D00E33C3B /* Build configuration list for PBXProject "1891143-finalProject" */ = {
			isa = XCConfigurationList;
			buildConfigurations = (
				A1B7618D265D595000E33C3B /* Debug */,
				A1B7618E265D595000E33C3B /* Release */,
			);
			defaultConfigurationIsVisible = 0;
			defaultConfigurationName = Release;
		};
		A1B7618F265D595000E33C3B /* Build configuration list for PBXNativeTarget "1891143-finalProject" */ = {
			isa = XCConfigurationList;
			buildConfigurations = (
				A1B76190265D595000E33C3B /* Debug */,
				A1B76191265D595000E33C3B /* Release */,
			);
			defaultConfigurationIsVisible = 0;
			defaultConfigurationName = Release;
		};
/* End XCConfigurationList section */
	};
	rootObject = A1B76173265D594D00E33C3B /* Project object */;
}
